
Microsoft Visual Studio Solution File, Format Version 12.00
# Visual Studio Version 16
VisualStudioVersion = 16.0.32106.194
MinimumVisualStudioVersion = 10.0.40219.1
Project("{FAE04EC0-301F-11D3-BF4B-00C04F79EFBC}") = "PlatformerFNAEnvato", "PlatformerFNAEnvato\PlatformerFNAEnvato.csproj", "{C2BCB8B0-97DA-4D64-94F3-077C8778DBAA}"
EndProject
Global
	GlobalSection(SolutionConfigurationPlatforms) = preSolution
		Debug|Any CPU = Debug|Any CPU
		Debug|x64 = Debug|x64
		Release|Any CPU = Release|Any CPU
		Release|x64 = Release|x64
	EndGlobalSection
	GlobalSection(ProjectConfigurationPlatforms) = postSolution
		{C2BCB8B0-97DA-4D64-94F3-077C8778DBAA}.Debug|Any CPU.ActiveCfg = Debug|Any CPU
		{C2BCB8B0-97DA-4D64-94F3-077C8778DBAA}.Debug|Any CPU.Build.0 = Debug|Any CPU
		{C2BCB8B0-97DA-4D64-94F3-077C8778DBAA}.Debug|x64.ActiveCfg = Debug|x64
		{C2BCB8B0-97DA-4D64-94F3-077C8778DBAA}.Debug|x64.Build.0 = Debug|x64
		{C2BCB8B0-97DA-4D64-94F3-077C8778DBAA}.Release|Any CPU.ActiveCfg = Release|Any CPU
		{C2BCB8B0-97DA-4D64-94F3-077C8778DBAA}.Release|Any CPU.Build.0 = Release|Any CPU
		{C2BCB8B0-97DA-4D64-94F3-077C8778DBAA}.Release|x64.ActiveCfg = Release|Any CPU
		{C2BCB8B0-97DA-4D64-94F3-077C8778DBAA}.Release|x64.Build.0 = Release|Any CPU
	EndGlobalSection
	GlobalSection(SolutionProperties) = preSolution
		HideSolutionNode = FALSE
	EndGlobalSection
	GlobalSection(ExtensibilityGlobals) = postSolution
		SolutionGuid = {DA6B312E-7824-42C2-9F1A-78198C59BD56}
	EndGlobalSection
EndGlobal
